// !$*UTF8*$!
{
	archiveVersion = 1;
	classes = {
	};
	objectVersion = 56;
	objects = {

/* Begin PBXBuildFile section */
		29A273E02A5C05DE0001CDBD /* ThreadsApp.swift in Sources */ = {isa = PBXBuildFile; fileRef = 29A273DF2A5C05DE0001CDBD /* ThreadsApp.swift */; };
		29A273E22A5C05DE0001CDBD /* ContentView.swift in Sources */ = {isa = PBXBuildFile; fileRef = 29A273E12A5C05DE0001CDBD /* ContentView.swift */; };
		29A273E42A5C05E10001CDBD /* Assets.xcassets in Resources */ = {isa = PBXBuildFile; fileRef = 29A273E32A5C05E10001CDBD /* Assets.xcassets */; };
		29A273E72A5C05E10001CDBD /* Preview Assets.xcassets in Resources */ = {isa = PBXBuildFile; fileRef = 29A273E62A5C05E10001CDBD /* Preview Assets.xcassets */; };
		29A273FB2A5C0A2B0001CDBD /* MainTabView.swift in Sources */ = {isa = PBXBuildFile; fileRef = 29A273FA2A5C0A2B0001CDBD /* MainTabView.swift */; };
		29A273FD2A5C0D300001CDBD /* ProfileView.swift in Sources */ = {isa = PBXBuildFile; fileRef = 29A273FC2A5C0D300001CDBD /* ProfileView.swift */; };
/* End PBXBuildFile section */

/* Begin PBXFileReference section */
		29A273DC2A5C05DE0001CDBD /* Threads.app */ = {isa = PBXFileReference; explicitFileType = wrapper.application; includeInIndex = 0; path = Threads.app; sourceTree = BUILT_PRODUCTS_DIR; };
		29A273DF2A5C05DE0001CDBD /* ThreadsApp.swift */ = {isa = PBXFileReference; lastKnownFileType = sourcecode.swift; path = ThreadsApp.swift; sourceTree = "<group>"; };
		29A273E12A5C05DE0001CDBD /* ContentView.swift */ = {isa = PBXFileReference; lastKnownFileType = sourcecode.swift; path = ContentView.swift; sourceTree = "<group>"; };
		29A273E32A5C05E10001CDBD /* Assets.xcassets */ = {isa = PBXFileReference; lastKnownFileType = folder.assetcatalog; path = Assets.xcassets; sourceTree = "<group>"; };
		29A273E62A5C05E10001CDBD /* Preview Assets.xcassets */ = {isa = PBXFileReference; lastKnownFileType = folder.assetcatalog; path = "Preview Assets.xcassets"; sourceTree = "<group>"; };
		29A273FA2A5C0A2B0001CDBD /* MainTabView.swift */ = {isa = PBXFileReference; lastKnownFileType = sourcecode.swift; path = MainTabView.swift; sourceTree = "<group>"; };
		29A273FC2A5C0D300001CDBD /* ProfileView.swift */ = {isa = PBXFileReference; lastKnownFileType = sourcecode.swift; path = ProfileView.swift; sourceTree = "<group>"; };
/* End PBXFileReference section */

/* Begin PBXFrameworksBuildPhase section */
		29A273D92A5C05DE0001CDBD /* Frameworks */ = {
			isa = PBXFrameworksBuildPhase;
			buildActionMask = 2147483647;
			files = (
			);
			runOnlyForDeploymentPostprocessing = 0;
		};
/* End PBXFrameworksBuildPhase section */

/* Begin PBXGroup section */
		29A273D32A5C05DE0001CDBD = {
			isa = PBXGroup;
			children = (
				29A273DE2A5C05DE0001CDBD /* Threads */,
				29A273DD2A5C05DE0001CDBD /* Products */,
			);
			sourceTree = "<group>";
		};
		29A273DD2A5C05DE0001CDBD /* Products */ = {
			isa = PBXGroup;
			children = (
				29A273DC2A5C05DE0001CDBD /* Threads.app */,
			);
			name = Products;
			sourceTree = "<group>";
		};
		29A273DE2A5C05DE0001CDBD /* Threads */ = {
			isa = PBXGroup;
			children = (
				29A273F12A5C089B0001CDBD /* App */,
				29A273F02A5C08990001CDBD /* Core */,
				29A273EE2A5C08740001CDBD /* Extensions */,
				29A273ED2A5C086B0001CDBD /* Model */,
				29A273F22A5C08EA0001CDBD /* Services */,
				29A273E12A5C05DE0001CDBD /* ContentView.swift */,
				29A273E32A5C05E10001CDBD /* Assets.xcassets */,
				29A273E52A5C05E10001CDBD /* Preview Content */,
			);
			path = Threads;
			sourceTree = "<group>";
		};
		29A273E52A5C05E10001CDBD /* Preview Content */ = {
			isa = PBXGroup;
			children = (
				29A273E62A5C05E10001CDBD /* Preview Assets.xcassets */,
			);
			path = "Preview Content";
			sourceTree = "<group>";
		};
		29A273ED2A5C086B0001CDBD /* Model */ = {
			isa = PBXGroup;
			children = (
			);
			path = Model;
			sourceTree = "<group>";
		};
		29A273EE2A5C08740001CDBD /* Extensions */ = {
			isa = PBXGroup;
			children = (
			);
			path = Extensions;
			sourceTree = "<group>";
		};
		29A273F02A5C08990001CDBD /* Core */ = {
			isa = PBXGroup;
			children = (
				29A273F32A5C092B0001CDBD /* Authentication */,
				29A273F42A5C093B0001CDBD /* Feed */,
				29A273F52A5C09450001CDBD /* Profile */,
				29A273F62A5C094D0001CDBD /* Root */,
				29A273F72A5C09520001CDBD /* Search */,
				29A273F82A5C09830001CDBD /* TabBar */,
				29A273F92A5C098E0001CDBD /* UploadPost */,
			);
			path = Core;
			sourceTree = "<group>";
		};
		29A273F12A5C089B0001CDBD /* App */ = {
			isa = PBXGroup;
			children = (
				29A273DF2A5C05DE0001CDBD /* ThreadsApp.swift */,
			);
			path = App;
			sourceTree = "<group>";
		};
		29A273F22A5C08EA0001CDBD /* Services */ = {
			isa = PBXGroup;
			children = (
			);
			path = Services;
			sourceTree = "<group>";
		};
		29A273F32A5C092B0001CDBD /* Authentication */ = {
			isa = PBXGroup;
			children = (
			);
			path = Authentication;
			sourceTree = "<group>";
		};
		29A273F42A5C093B0001CDBD /* Feed */ = {
			isa = PBXGroup;
			children = (
			);
			path = Feed;
			sourceTree = "<group>";
		};
		29A273F52A5C09450001CDBD /* Profile */ = {
			isa = PBXGroup;
			children = (
				29A273FC2A5C0D300001CDBD /* ProfileView.swift */,
			);
			path = Profile;
			sourceTree = "<group>";
		};
		29A273F62A5C094D0001CDBD /* Root */ = {
			isa = PBXGroup;
			children = (
			);
			path = Root;
			sourceTree = "<group>";
		};
		29A273F72A5C09520001CDBD /* Search */ = {
			isa = PBXGroup;
			children = (
			);
			path = Search;
			sourceTree = "<group>";
		};
		29A273F82A5C09830001CDBD /* TabBar */ = {
			isa = PBXGroup;
			children = (
				29A273FA2A5C0A2B0001CDBD /* MainTabView.swift */,
			);
			path = TabBar;
			sourceTree = "<group>";
		};
		29A273F92A5C098E0001CDBD /* UploadPost */ = {
			isa = PBXGroup;
			children = (
			);
			path = UploadPost;
			sourceTree = "<group>";
		};
/* End PBXGroup section */

/* Begin PBXNativeTarget section */
		29A273DB2A5C05DE0001CDBD /* Threads */ = {
			isa = PBXNativeTarget;
			buildConfigurationList = 29A273EA2A5C05E10001CDBD /* Build configuration list for PBXNativeTarget "Threads" */;
			buildPhases = (
				29A273D82A5C05DE0001CDBD /* Sources */,
				29A273D92A5C05DE0001CDBD /* Frameworks */,
				29A273DA2A5C05DE0001CDBD /* Resources */,
			);
			buildRules = (
			);
			dependencies = (
			);
			name = Threads;
			productName = Threads;
			productReference = 29A273DC2A5C05DE0001CDBD /* Threads.app */;
			productType = "com.apple.product-type.application";
		};
/* End PBXNativeTarget section */

/* Begin PBXProject section */
		29A273D42A5C05DE0001CDBD /* Project object */ = {
			isa = PBXProject;
			attributes = {
				BuildIndependentTargetsInParallel = 1;
				LastSwiftUpdateCheck = 1430;
				LastUpgradeCheck = 1430;
				TargetAttributes = {
					29A273DB2A5C05DE0001CDBD = {
						CreatedOnToolsVersion = 14.3.1;
					};
				};
			};
			buildConfigurationList = 29A273D72A5C05DE0001CDBD /* Build configuration list for PBXProject "Threads" */;
			compatibilityVersion = "Xcode 14.0";
			developmentRegion = en;
			hasScannedForEncodings = 0;
			knownRegions = (
				en,
				Base,
			);
			mainGroup = 29A273D32A5C05DE0001CDBD;
			productRefGroup = 29A273DD2A5C05DE0001CDBD /* Products */;
			projectDirPath = "";
			projectRoot = "";
			targets = (
				29A273DB2A5C05DE0001CDBD /* Threads */,
			);
		};
/* End PBXProject section */

/* Begin PBXResourcesBuildPhase section */
		29A273DA2A5C05DE0001CDBD /* Resources */ = {
			isa = PBXResourcesBuildPhase;
			buildActionMask = 2147483647;
			files = (
				29A273E72A5C05E10001CDBD /* Preview Assets.xcassets in Resources */,
				29A273E42A5C05E10001CDBD /* Assets.xcassets in Resources */,
			);
			runOnlyForDeploymentPostprocessing = 0;
		};
/* End PBXResourcesBuildPhase section */

/* Begin PBXSourcesBuildPhase section */
		29A273D82A5C05DE0001CDBD /* Sources */ = {
			isa = PBXSourcesBuildPhase;
			buildActionMask = 2147483647;
			files = (
				29A273FD2A5C0D300001CDBD /* ProfileView.swift in Sources */,
				29A273E22A5C05DE0001CDBD /* ContentView.swift in Sources */,
				29A273E02A5C05DE0001CDBD /* ThreadsApp.swift in Sources */,
				29A273FB2A5C0A2B0001CDBD /* MainTabView.swift in Sources */,
			);
			runOnlyForDeploymentPostprocessing = 0;
		};
/* End PBXSourcesBuildPhase section */

/* Begin XCBuildConfiguration section */
		29A273E82A5C05E10001CDBD /* Debug */ = {
			isa = XCBuildConfiguration;
			buildSettings = {
				ALWAYS_SEARCH_USER_PATHS = NO;
				CLANG_ANALYZER_NONNULL = YES;
				CLANG_ANALYZER_NUMBER_OBJECT_CONVERSION = YES_AGGRESSIVE;
				CLANG_CXX_LANGUAGE_STANDARD = "gnu++20";
				CLANG_ENABLE_MODULES = YES;
				CLANG_ENABLE_OBJC_ARC = YES;
				CLANG_ENABLE_OBJC_WEAK = YES;
				CLANG_WARN_BLOCK_CAPTURE_AUTORELEASING = YES;
				CLANG_WARN_BOOL_CONVERSION = YES;
				CLANG_WARN_COMMA = YES;
				CLANG_WARN_CONSTANT_CONVERSION = YES;
				CLANG_WARN_DEPRECATED_OBJC_IMPLEMENTATIONS = YES;
				CLANG_WARN_DIRECT_OBJC_ISA_USAGE = YES_ERROR;
				CLANG_WARN_DOCUMENTATION_COMMENTS = YES;
				CLANG_WARN_EMPTY_BODY = YES;
				CLANG_WARN_ENUM_CONVERSION = YES;
				CLANG_WARN_INFINITE_RECURSION = YES;
				CLANG_WARN_INT_CONVERSION = YES;
				CLANG_WARN_NON_LITERAL_NULL_CONVERSION = YES;
				CLANG_WARN_OBJC_IMPLICIT_RETAIN_SELF = YES;
				CLANG_WARN_OBJC_LITERAL_CONVERSION = YES;
				CLANG_WARN_OBJC_ROOT_CLASS = YES_ERROR;
				CLANG_WARN_QUOTED_INCLUDE_IN_FRAMEWORK_HEADER = YES;
				CLANG_WARN_RANGE_LOOP_ANALYSIS = YES;
				CLANG_WARN_STRICT_PROTOTYPES = YES;
				CLANG_WARN_SUSPICIOUS_MOVE = YES;
				CLANG_WARN_UNGUARDED_AVAILABILITY = YES_AGGRESSIVE;
				CLANG_WARN_UNREACHABLE_CODE = YES;
				CLANG_WARN__DUPLICATE_METHOD_MATCH = YES;
				COPY_PHASE_STRIP = NO;
				DEBUG_INFORMATION_FORMAT = dwarf;
				ENABLE_STRICT_OBJC_MSGSEND = YES;
				ENABLE_TESTABILITY = YES;
				GCC_C_LANGUAGE_STANDARD = gnu11;
				GCC_DYNAMIC_NO_PIC = NO;
				GCC_NO_COMMON_BLOCKS = YES;
				GCC_OPTIMIZATION_LEVEL = 0;
				GCC_PREPROCESSOR_DEFINITIONS = (
					"DEBUG=1",
					"$(inherited)",
				);
				GCC_WARN_64_TO_32_BIT_CONVERSION = YES;
				GCC_WARN_ABOUT_RETURN_TYPE = YES_ERROR;
				GCC_WARN_UNDECLARED_SELECTOR = YES;
				GCC_WARN_UNINITIALIZED_AUTOS = YES_AGGRESSIVE;
				GCC_WARN_UNUSED_FUNCTION = YES;
				GCC_WARN_UNUSED_VARIABLE = YES;
				IPHONEOS_DEPLOYMENT_TARGET = 16.4;
				MTL_ENABLE_DEBUG_INFO = INCLUDE_SOURCE;
				MTL_FAST_MATH = YES;
				ONLY_ACTIVE_ARCH = YES;
				SDKROOT = iphoneos;
				SWIFT_ACTIVE_COMPILATION_CONDITIONS = DEBUG;
				SWIFT_OPTIMIZATION_LEVEL = "-Onone";
			};
			name = Debug;
		};
		29A273E92A5C05E10001CDBD /* Release */ = {
			isa = XCBuildConfiguration;
			buildSettings = {
				ALWAYS_SEARCH_USER_PATHS = NO;
				CLANG_ANALYZER_NONNULL = YES;
				CLANG_ANALYZER_NUMBER_OBJECT_CONVERSION = YES_AGGRESSIVE;
				CLANG_CXX_LANGUAGE_STANDARD = "gnu++20";
				CLANG_ENABLE_MODULES = YES;
				CLANG_ENABLE_OBJC_ARC = YES;
				CLANG_ENABLE_OBJC_WEAK = YES;
				CLANG_WARN_BLOCK_CAPTURE_AUTORELEASING = YES;
				CLANG_WARN_BOOL_CONVERSION = YES;
				CLANG_WARN_COMMA = YES;
				CLANG_WARN_CONSTANT_CONVERSION = YES;
				CLANG_WARN_DEPRECATED_OBJC_IMPLEMENTATIONS = YES;
				CLANG_WARN_DIRECT_OBJC_ISA_USAGE = YES_ERROR;
				CLANG_WARN_DOCUMENTATION_COMMENTS = YES;
				CLANG_WARN_EMPTY_BODY = YES;
				CLANG_WARN_ENUM_CONVERSION = YES;
				CLANG_WARN_INFINITE_RECURSION = YES;
				CLANG_WARN_INT_CONVERSION = YES;
				CLANG_WARN_NON_LITERAL_NULL_CONVERSION = YES;
				CLANG_WARN_OBJC_IMPLICIT_RETAIN_SELF = YES;
				CLANG_WARN_OBJC_LITERAL_CONVERSION = YES;
				CLANG_WARN_OBJC_ROOT_CLASS = YES_ERROR;
				CLANG_WARN_QUOTED_INCLUDE_IN_FRAMEWORK_HEADER = YES;
				CLANG_WARN_RANGE_LOOP_ANALYSIS = YES;
				CLANG_WARN_STRICT_PROTOTYPES = YES;
				CLANG_WARN_SUSPICIOUS_MOVE = YES;
				CLANG_WARN_UNGUARDED_AVAILABILITY = YES_AGGRESSIVE;
				CLANG_WARN_UNREACHABLE_CODE = YES;
				CLANG_WARN__DUPLICATE_METHOD_MATCH = YES;
				COPY_PHASE_STRIP = NO;
				DEBUG_INFORMATION_FORMAT = "dwarf-with-dsym";
				ENABLE_NS_ASSERTIONS = NO;
				ENABLE_STRICT_OBJC_MSGSEND = YES;
				GCC_C_LANGUAGE_STANDARD = gnu11;
				GCC_NO_COMMON_BLOCKS = YES;
				GCC_WARN_64_TO_32_BIT_CONVERSION = YES;
				GCC_WARN_ABOUT_RETURN_TYPE = YES_ERROR;
				GCC_WARN_UNDECLARED_SELECTOR = YES;
				GCC_WARN_UNINITIALIZED_AUTOS = YES_AGGRESSIVE;
				GCC_WARN_UNUSED_FUNCTION = YES;
				GCC_WARN_UNUSED_VARIABLE = YES;
				IPHONEOS_DEPLOYMENT_TARGET = 16.4;
				MTL_ENABLE_DEBUG_INFO = NO;
				MTL_FAST_MATH = YES;
				SDKROOT = iphoneos;
				SWIFT_COMPILATION_MODE = wholemodule;
				SWIFT_OPTIMIZATION_LEVEL = "-O";
				VALIDATE_PRODUCT = YES;
			};
			name = Release;
		};
		29A273EB2A5C05E10001CDBD /* Debug */ = {
			isa = XCBuildConfiguration;
			buildSettings = {
				ASSETCATALOG_COMPILER_APPICON_NAME = AppIcon;
				ASSETCATALOG_COMPILER_GLOBAL_ACCENT_COLOR_NAME = AccentColor;
				CODE_SIGN_STYLE = Automatic;
				CURRENT_PROJECT_VERSION = 1;
				DEVELOPMENT_ASSET_PATHS = "\"Threads/Preview Content\"";
				ENABLE_PREVIEWS = YES;
				GENERATE_INFOPLIST_FILE = YES;
				INFOPLIST_KEY_UIApplicationSceneManifest_Generation = YES;
				INFOPLIST_KEY_UIApplicationSupportsIndirectInputEvents = YES;
				INFOPLIST_KEY_UILaunchScreen_Generation = YES;
				INFOPLIST_KEY_UISupportedInterfaceOrientations_iPad = "UIInterfaceOrientationPortrait UIInterfaceOrientationPortraitUpsideDown UIInterfaceOrientationLandscapeLeft UIInterfaceOrientationLandscapeRight";
				INFOPLIST_KEY_UISupportedInterfaceOrientations_iPhone = "UIInterfaceOrientationPortrait UIInterfaceOrientationLandscapeLeft UIInterfaceOrientationLandscapeRight";
				LD_RUNPATH_SEARCH_PATHS = (
					"$(inherited)",
					"@executable_path/Frameworks",
				);
				MARKETING_VERSION = 1.0;
				PRODUCT_BUNDLE_IDENTIFIER = sun.Threads;
				PRODUCT_NAME = "$(TARGET_NAME)";
				SWIFT_EMIT_LOC_STRINGS = YES;
				SWIFT_VERSION = 5.0;
				TARGETED_DEVICE_FAMILY = "1,2";
			};
			name = Debug;
		};
		29A273EC2A5C05E10001CDBD /* Release */ = {
			isa = XCBuildConfiguration;
			buildSettings = {
				ASSETCATALOG_COMPILER_APPICON_NAME = AppIcon;
				ASSETCATALOG_COMPILER_GLOBAL_ACCENT_COLOR_NAME = AccentColor;
				CODE_SIGN_STYLE = Automatic;
				CURRENT_PROJECT_VERSION = 1;
				DEVELOPMENT_ASSET_PATHS = "\"Threads/Preview Content\"";
				ENABLE_PREVIEWS = YES;
				GENERATE_INFOPLIST_FILE = YES;
				INFOPLIST_KEY_UIApplicationSceneManifest_Generation = YES;
				INFOPLIST_KEY_UIApplicationSupportsIndirectInputEvents = YES;
				INFOPLIST_KEY_UILaunchScreen_Generation = YES;
				INFOPLIST_KEY_UISupportedInterfaceOrientations_iPad = "UIInterfaceOrientationPortrait UIInterfaceOrientationPortraitUpsideDown UIInterfaceOrientationLandscapeLeft UIInterfaceOrientationLandscapeRight";
				INFOPLIST_KEY_UISupportedInterfaceOrientations_iPhone = "UIInterfaceOrientationPortrait UIInterfaceOrientationLandscapeLeft UIInterfaceOrientationLandscapeRight";
				LD_RUNPATH_SEARCH_PATHS = (
					"$(inherited)",
					"@executable_path/Frameworks",
				);
				MARKETING_VERSION = 1.0;
				PRODUCT_BUNDLE_IDENTIFIER = sun.Threads;
				PRODUCT_NAME = "$(TARGET_NAME)";
				SWIFT_EMIT_LOC_STRINGS = YES;
				SWIFT_VERSION = 5.0;
				TARGETED_DEVICE_FAMILY = "1,2";
			};
			name = Release;
		};
/* End XCBuildConfiguration section */

/* Begin XCConfigurationList section */
		29A273D72A5C05DE0001CDBD /* Build configuration list for PBXProject "Threads" */ = {
			isa = XCConfigurationList;
			buildConfigurations = (
				29A273E82A5C05E10001CDBD /* Debug */,
				29A273E92A5C05E10001CDBD /* Release */,
			);
			defaultConfigurationIsVisible = 0;
			defaultConfigurationName = Release;
		};
		29A273EA2A5C05E10001CDBD /* Build configuration list for PBXNativeTarget "Threads" */ = {
			isa = XCConfigurationList;
			buildConfigurations = (
				29A273EB2A5C05E10001CDBD /* Debug */,
				29A273EC2A5C05E10001CDBD /* Release */,
			);
			defaultConfigurationIsVisible = 0;
			defaultConfigurationName = Release;
		};
/* End XCConfigurationList section */
	};
	rootObject = 29A273D42A5C05DE0001CDBD /* Project object */;
}
